
Microsoft Visual Studio Solution File, Format Version 12.00
# Visual Studio 15
VisualStudioVersion = 15.0.27130.2027
MinimumVisualStudioVersion = 10.0.40219.1
Project("{FAE04EC0-301F-11D3-BF4B-00C04F79EFBC}") = "ConsExtensionMethods", "ConsExtensionMethods\ConsExtensionMethods.csproj", "{BF0B73A3-8EE0-470C-BB22-735EA0782385}"
EndProject
Global
	GlobalSection(SolutionConfigurationPlatforms) = preSolution
		Debug|Any CPU = Debug|Any CPU
		Release|Any CPU = Release|Any CPU
	EndGlobalSection
	GlobalSection(ProjectConfigurationPlatforms) = postSolution
		{BF0B73A3-8EE0-470C-BB22-735EA0782385}.Debug|Any CPU.ActiveCfg = Debug|Any CPU
		{BF0B73A3-8EE0-470C-BB22-735EA0782385}.Debug|Any CPU.Build.0 = Debug|Any CPU
		{BF0B73A3-8EE0-470C-BB22-735EA0782385}.Release|Any CPU.ActiveCfg = Release|Any CPU
		{BF0B73A3-8EE0-470C-BB22-735EA0782385}.Release|Any CPU.Build.0 = Release|Any CPU
	EndGlobalSection
	GlobalSection(SolutionProperties) = preSolution
		HideSolutionNode = FALSE
	EndGlobalSection
	GlobalSection(ExtensibilityGlobals) = postSolution
		SolutionGuid = {807366E6-B7D2-4B92-9ECF-9E06E5027456}
	EndGlobalSection
EndGlobal
